
Microsoft Visual Studio Solution File, Format Version 12.00
# Visual Studio 15
VisualStudioVersion = 15.0.26430.13
MinimumVisualStudioVersion = 10.0.40219.1
Project("{8BC9CEB8-8B4A-11D0-8D11-00A0C91BC942}") = "CppUTest", "..\..\..\..\..\..\cygwin\home\ytc0026\cpputest\CppUTest.vcxproj", "{EC28C821-4AB8-458F-A821-C6E65607B781}"
EndProject
Project("{8BC9CEB8-8B4A-11D0-8D11-00A0C91BC942}") = "UnitTest", "UnitTest\UnitTest.vcxproj", "{B1E134D9-04CC-4355-A59F-26BEE7C02274}"
	ProjectSection(ProjectDependencies) = postProject
		{EC28C821-4AB8-458F-A821-C6E65607B781} = {EC28C821-4AB8-458F-A821-C6E65607B781}
	EndProjectSection
EndProject
Global
	GlobalSection(SolutionConfigurationPlatforms) = preSolution
		Debug|x64 = Debug|x64
		Debug|x86 = Debug|x86
		Release|x64 = Release|x64
		Release|x86 = Release|x86
	EndGlobalSection
	GlobalSection(ProjectConfigurationPlatforms) = postSolution
		{EC28C821-4AB8-458F-A821-C6E65607B781}.Debug|x64.ActiveCfg = Debug|Win32
		{EC28C821-4AB8-458F-A821-C6E65607B781}.Debug|x86.ActiveCfg = Debug|Win32
		{EC28C821-4AB8-458F-A821-C6E65607B781}.Debug|x86.Build.0 = Debug|Win32
		{EC28C821-4AB8-458F-A821-C6E65607B781}.Release|x64.ActiveCfg = Release|Win32
		{EC28C821-4AB8-458F-A821-C6E65607B781}.Release|x86.ActiveCfg = Release|Win32
		{EC28C821-4AB8-458F-A821-C6E65607B781}.Release|x86.Build.0 = Release|Win32
		{B1E134D9-04CC-4355-A59F-26BEE7C02274}.Debug|x64.ActiveCfg = Debug|Win32
		{B1E134D9-04CC-4355-A59F-26BEE7C02274}.Debug|x64.Build.0 = Debug|Win32
		{B1E134D9-04CC-4355-A59F-26BEE7C02274}.Debug|x86.ActiveCfg = Debug|Win32
		{B1E134D9-04CC-4355-A59F-26BEE7C02274}.Debug|x86.Build.0 = Debug|Win32
		{B1E134D9-04CC-4355-A59F-26BEE7C02274}.Release|x64.ActiveCfg = Release|x64
		{B1E134D9-04CC-4355-A59F-26BEE7C02274}.Release|x64.Build.0 = Release|x64
		{B1E134D9-04CC-4355-A59F-26BEE7C02274}.Release|x86.ActiveCfg = Release|Win32
		{B1E134D9-04CC-4355-A59F-26BEE7C02274}.Release|x86.Build.0 = Release|Win32
	EndGlobalSection
	GlobalSection(SolutionProperties) = preSolution
		HideSolutionNode = FALSE
	EndGlobalSection
	GlobalSection(ExtensibilityGlobals) = postSolution
		SolutionGuid = {31F63CA9-A935-43FB-B8B3-2BFE7726BBCD}
	EndGlobalSection
EndGlobal
